
Microsoft Visual Studio Solution File, Format Version 12.00
# Visual Studio Version 16
VisualStudioVersion = 16.0.30523.141
MinimumVisualStudioVersion = 10.0.40219.1
Project("{FAE04EC0-301F-11D3-BF4B-00C04F79EFBC}") = "Wyprawa", "Wyprawa\Wyprawa.csproj", "{AD840C85-D9E6-487A-8554-D1BD23F5F606}"
EndProject
Global
	GlobalSection(SolutionConfigurationPlatforms) = preSolution
		Debug|Any CPU = Debug|Any CPU
		Release|Any CPU = Release|Any CPU
	EndGlobalSection
	GlobalSection(ProjectConfigurationPlatforms) = postSolution
		{AD840C85-D9E6-487A-8554-D1BD23F5F606}.Debug|Any CPU.ActiveCfg = Debug|Any CPU
		{AD840C85-D9E6-487A-8554-D1BD23F5F606}.Debug|Any CPU.Build.0 = Debug|Any CPU
		{AD840C85-D9E6-487A-8554-D1BD23F5F606}.Release|Any CPU.ActiveCfg = Release|Any CPU
		{AD840C85-D9E6-487A-8554-D1BD23F5F606}.Release|Any CPU.Build.0 = Release|Any CPU
	EndGlobalSection
	GlobalSection(SolutionProperties) = preSolution
		HideSolutionNode = FALSE
	EndGlobalSection
	GlobalSection(ExtensibilityGlobals) = postSolution
		SolutionGuid = {8E44E72A-9C6F-4195-A2FF-F680BB80A2EF}
	EndGlobalSection
EndGlobal
